
Microsoft Visual Studio Solution File, Format Version 12.00
# Visual Studio Version 16
VisualStudioVersion = 16.0.30011.22
MinimumVisualStudioVersion = 10.0.40219.1
Project("{9A19103F-16F7-4668-BE54-9A1E7A4F7556}") = "LibraryApi", "LibraryApi\LibraryApi.csproj", "{E5BBC560-AAED-4A79-A762-8B1BCF71A62B}"
EndProject
Project("{FAE04EC0-301F-11D3-BF4B-00C04F79EFBC}") = "LibraryAPIIntegrationTests", "LibraryAPIIntegrationTests\LibraryAPIIntegrationTests.csproj", "{1F75227B-0DBD-4EC9-AA06-02A466D67309}"
EndProject
Global
	GlobalSection(SolutionConfigurationPlatforms) = preSolution
		Debug|Any CPU = Debug|Any CPU
		Release|Any CPU = Release|Any CPU
	EndGlobalSection
	GlobalSection(ProjectConfigurationPlatforms) = postSolution
		{E5BBC560-AAED-4A79-A762-8B1BCF71A62B}.Debug|Any CPU.ActiveCfg = Debug|Any CPU
		{E5BBC560-AAED-4A79-A762-8B1BCF71A62B}.Debug|Any CPU.Build.0 = Debug|Any CPU
		{E5BBC560-AAED-4A79-A762-8B1BCF71A62B}.Release|Any CPU.ActiveCfg = Release|Any CPU
		{E5BBC560-AAED-4A79-A762-8B1BCF71A62B}.Release|Any CPU.Build.0 = Release|Any CPU
		{1F75227B-0DBD-4EC9-AA06-02A466D67309}.Debug|Any CPU.ActiveCfg = Debug|Any CPU
		{1F75227B-0DBD-4EC9-AA06-02A466D67309}.Debug|Any CPU.Build.0 = Debug|Any CPU
		{1F75227B-0DBD-4EC9-AA06-02A466D67309}.Release|Any CPU.ActiveCfg = Release|Any CPU
		{1F75227B-0DBD-4EC9-AA06-02A466D67309}.Release|Any CPU.Build.0 = Release|Any CPU
	EndGlobalSection
	GlobalSection(SolutionProperties) = preSolution
		HideSolutionNode = FALSE
	EndGlobalSection
	GlobalSection(ExtensibilityGlobals) = postSolution
		SolutionGuid = {FBEB8F9F-2373-4F13-A3BA-59E4A1B0ADDA}
	EndGlobalSection
EndGlobal
